{
  "object": {
    "pins": [
      {
        "package": "Glob",
        "repositoryURL": "https://github.com/Bouke/Glob.git",
        "state": {
          "branch": null,
          "revision": "deda6e163d2ff2a8d7e138e2c3326dbd71157faf",
          "version": "1.0.5"
        }
      },
      {
        "package": "Progress",
        "repositoryURL": "https://github.com/jkandzi/Progress.swift.git",
        "state": {
          "branch": null,
          "revision": "fed6598735d7982058690acf8f52a0a5fdaeb3e0",
          "version": "0.4.0"
        }
      },
      {
        "package": "swift-argument-parser",
        "repositoryURL": "https://github.com/apple/swift-argument-parser.git",
        "state": {
          "branch": null,
          "revision": "fee6933f37fde9a5e12a1e4aeaa93fe60116ff2a",
          "version": "1.2.2"
        }
      }
    ]
  },
  "version": 1
}
